// !$*UTF8*$!
{
	archiveVersion = 1;
	classes = {
	};
	objectVersion = 56;
	objects = {

/* Begin PBXBuildFile section */
		AA0D01C22B0BFE5500986C6B /* AppDelegate.swift in Sources */ = {isa = PBXBuildFile; fileRef = AA0D01C12B0BFE5500986C6B /* AppDelegate.swift */; };
		AA0D01C42B0BFE5500986C6B /* SceneDelegate.swift in Sources */ = {isa = PBXBuildFile; fileRef = AA0D01C32B0BFE5500986C6B /* SceneDelegate.swift */; };
		AA0D01C92B0BFE5500986C6B /* Main.storyboard in Resources */ = {isa = PBXBuildFile; fileRef = AA0D01C72B0BFE5500986C6B /* Main.storyboard */; };
		AA0D01CB2B0BFE5600986C6B /* Assets.xcassets in Resources */ = {isa = PBXBuildFile; fileRef = AA0D01CA2B0BFE5600986C6B /* Assets.xcassets */; };
		AA0D01CE2B0BFE5600986C6B /* LaunchScreen.storyboard in Resources */ = {isa = PBXBuildFile; fileRef = AA0D01CC2B0BFE5600986C6B /* LaunchScreen.storyboard */; };
		AA0D01D92B0BFE5700986C6B /* SecureSnoozeTests.swift in Sources */ = {isa = PBXBuildFile; fileRef = AA0D01D82B0BFE5700986C6B /* SecureSnoozeTests.swift */; };
		AA0D01E32B0BFE5700986C6B /* SecureSnoozeUITests.swift in Sources */ = {isa = PBXBuildFile; fileRef = AA0D01E22B0BFE5700986C6B /* SecureSnoozeUITests.swift */; };
		AA0D01E52B0BFE5700986C6B /* SecureSnoozeUITestsLaunchTests.swift in Sources */ = {isa = PBXBuildFile; fileRef = AA0D01E42B0BFE5700986C6B /* SecureSnoozeUITestsLaunchTests.swift */; };
		AA163BA02B0C1D21001B2EC1 /* AlarmsNavigationController.swift in Sources */ = {isa = PBXBuildFile; fileRef = AA163B9F2B0C1D21001B2EC1 /* AlarmsNavigationController.swift */; };
		AA163BA72B0C1D94001B2EC1 /* NotesNavigationController.swift in Sources */ = {isa = PBXBuildFile; fileRef = AA163BA62B0C1D94001B2EC1 /* NotesNavigationController.swift */; };
		AA163BA92B0C1DA0001B2EC1 /* SettingsNavigationController.swift in Sources */ = {isa = PBXBuildFile; fileRef = AA163BA82B0C1DA0001B2EC1 /* SettingsNavigationController.swift */; };
		AA2372AF2B17B4220009BFA9 /* SettingsTableViewController.swift in Sources */ = {isa = PBXBuildFile; fileRef = AA2372AE2B17B4220009BFA9 /* SettingsTableViewController.swift */; };
		AA2372B12B17B4590009BFA9 /* Settings.swift in Sources */ = {isa = PBXBuildFile; fileRef = AA2372B02B17B4590009BFA9 /* Settings.swift */; };
		AA2372B42B17B5E30009BFA9 /* SleepGoalSettingsTableViewController.swift in Sources */ = {isa = PBXBuildFile; fileRef = AA2372B32B17B5E30009BFA9 /* SleepGoalSettingsTableViewController.swift */; };
		AA2372B62B17B5FA0009BFA9 /* ReminderSettingsTableViewController.swift in Sources */ = {isa = PBXBuildFile; fileRef = AA2372B52B17B5FA0009BFA9 /* ReminderSettingsTableViewController.swift */; };
		AA2372B82B17B60F0009BFA9 /* SecurityPasscodeSettingsTableViewController.swift in Sources */ = {isa = PBXBuildFile; fileRef = AA2372B72B17B60F0009BFA9 /* SecurityPasscodeSettingsTableViewController.swift */; };
		AA2372BC2B17B6410009BFA9 /* ExtraSecurityStepsSettingsTableViewController.swift in Sources */ = {isa = PBXBuildFile; fileRef = AA2372BB2B17B6410009BFA9 /* ExtraSecurityStepsSettingsTableViewController.swift */; };
		AA567E172B16501A003C8BD0 /* AnalyticsTableViewController.swift in Sources */ = {isa = PBXBuildFile; fileRef = AA567E162B16501A003C8BD0 /* AnalyticsTableViewController.swift */; };
		AA567E192B1688FE003C8BD0 /* AnalyticsNavigationController.swift in Sources */ = {isa = PBXBuildFile; fileRef = AA567E182B1688FE003C8BD0 /* AnalyticsNavigationController.swift */; };
		AA644B1E2B1CE9C1006F3C79 /* WelcomeViewController.swift in Sources */ = {isa = PBXBuildFile; fileRef = AA644B1D2B1CE9C1006F3C79 /* WelcomeViewController.swift */; };
		AA644B202B1CF2F5006F3C79 /* SleepQualityChart.swift in Sources */ = {isa = PBXBuildFile; fileRef = AA644B1F2B1CF2F5006F3C79 /* SleepQualityChart.swift */; };
		AA6BCA5C2B1515960055D2B9 /* SoundSettingsTableViewController.swift in Sources */ = {isa = PBXBuildFile; fileRef = AA6BCA5B2B1515960055D2B9 /* SoundSettingsTableViewController.swift */; };
		AA6BCA5E2B151EA30055D2B9 /* NotesTableViewController.swift in Sources */ = {isa = PBXBuildFile; fileRef = AA6BCA5D2B151EA30055D2B9 /* NotesTableViewController.swift */; };
		AA6BCA622B15247C0055D2B9 /* Note.swift in Sources */ = {isa = PBXBuildFile; fileRef = AA6BCA612B15247C0055D2B9 /* Note.swift */; };
		AA8C10DE2B1911CB00B967EF /* PasscodeViewController.swift in Sources */ = {isa = PBXBuildFile; fileRef = AA8C10DD2B1911CB00B967EF /* PasscodeViewController.swift */; };
		AA8C10E12B19121000B967EF /* Passcode.swift in Sources */ = {isa = PBXBuildFile; fileRef = AA8C10E02B19121000B967EF /* Passcode.swift */; };
		AAC7B27B2B1D0B080013BEB3 /* AlarmNotificationManager.swift in Sources */ = {isa = PBXBuildFile; fileRef = AAC7B27A2B1D0B080013BEB3 /* AlarmNotificationManager.swift */; };
		AAC7B2812B1D1E690013BEB3 /* analog.mp3 in Resources */ = {isa = PBXBuildFile; fileRef = AAC7B27E2B1D1E690013BEB3 /* analog.mp3 */; };
		AAC7B2822B1D1E690013BEB3 /* future.mp3 in Resources */ = {isa = PBXBuildFile; fileRef = AAC7B27F2B1D1E690013BEB3 /* future.mp3 */; };
		AAC7B2832B1D1E690013BEB3 /* digital.mp3 in Resources */ = {isa = PBXBuildFile; fileRef = AAC7B2802B1D1E690013BEB3 /* digital.mp3 */; };
		AAC7B2862B1D3E870013BEB3 /* SessionViewController.swift in Sources */ = {isa = PBXBuildFile; fileRef = AAC7B2852B1D3E870013BEB3 /* SessionViewController.swift */; };
		AAC7B2882B1D553D0013BEB3 /* SessionAlarmViewController.swift in Sources */ = {isa = PBXBuildFile; fileRef = AAC7B2872B1D553D0013BEB3 /* SessionAlarmViewController.swift */; };
		AAC7B28A2B1D5B340013BEB3 /* silence.mp3 in Resources */ = {isa = PBXBuildFile; fileRef = AAC7B2892B1D5B340013BEB3 /* silence.mp3 */; };
		AADCB5CA2B0C230600F0AA3C /* Alarm.swift in Sources */ = {isa = PBXBuildFile; fileRef = AADCB5C92B0C230600F0AA3C /* Alarm.swift */; };
		AADCB5CE2B0C26B500F0AA3C /* UserDefaultsKeys.swift in Sources */ = {isa = PBXBuildFile; fileRef = AADCB5CD2B0C26B500F0AA3C /* UserDefaultsKeys.swift */; };
		AADCB5D02B0C338C00F0AA3C /* RootTabBarControllerViewController.swift in Sources */ = {isa = PBXBuildFile; fileRef = AADCB5CF2B0C338C00F0AA3C /* RootTabBarControllerViewController.swift */; };
		AADCB5D22B0C3C2800F0AA3C /* AlarmSettingsTableViewController.swift in Sources */ = {isa = PBXBuildFile; fileRef = AADCB5D12B0C3C2800F0AA3C /* AlarmSettingsTableViewController.swift */; };
/* End PBXBuildFile section */

/* Begin PBXContainerItemProxy section */
		AA0D01D52B0BFE5700986C6B /* PBXContainerItemProxy */ = {
			isa = PBXContainerItemProxy;
			containerPortal = AA0D01B62B0BFE5500986C6B /* Project object */;
			proxyType = 1;
			remoteGlobalIDString = AA0D01BD2B0BFE5500986C6B;
			remoteInfo = SecureSnooze;
		};
		AA0D01DF2B0BFE5700986C6B /* PBXContainerItemProxy */ = {
			isa = PBXContainerItemProxy;
			containerPortal = AA0D01B62B0BFE5500986C6B /* Project object */;
			proxyType = 1;
			remoteGlobalIDString = AA0D01BD2B0BFE5500986C6B;
			remoteInfo = SecureSnooze;
		};
/* End PBXContainerItemProxy section */

/* Begin PBXFileReference section */
		AA0D01BE2B0BFE5500986C6B /* SecureSnooze.app */ = {isa = PBXFileReference; explicitFileType = wrapper.application; includeInIndex = 0; path = SecureSnooze.app; sourceTree = BUILT_PRODUCTS_DIR; };
		AA0D01C12B0BFE5500986C6B /* AppDelegate.swift */ = {isa = PBXFileReference; lastKnownFileType = sourcecode.swift; path = AppDelegate.swift; sourceTree = "<group>"; };
		AA0D01C32B0BFE5500986C6B /* SceneDelegate.swift */ = {isa = PBXFileReference; lastKnownFileType = sourcecode.swift; path = SceneDelegate.swift; sourceTree = "<group>"; };
		AA0D01C82B0BFE5500986C6B /* Base */ = {isa = PBXFileReference; lastKnownFileType = file.storyboard; name = Base; path = Base.lproj/Main.storyboard; sourceTree = "<group>"; };
		AA0D01CA2B0BFE5600986C6B /* Assets.xcassets */ = {isa = PBXFileReference; lastKnownFileType = folder.assetcatalog; path = Assets.xcassets; sourceTree = "<group>"; };
		AA0D01CD2B0BFE5600986C6B /* Base */ = {isa = PBXFileReference; lastKnownFileType = file.storyboard; name = Base; path = Base.lproj/LaunchScreen.storyboard; sourceTree = "<group>"; };
		AA0D01CF2B0BFE5600986C6B /* Info.plist */ = {isa = PBXFileReference; lastKnownFileType = text.plist.xml; path = Info.plist; sourceTree = "<group>"; };
		AA0D01D42B0BFE5700986C6B /* SecureSnoozeTests.xctest */ = {isa = PBXFileReference; explicitFileType = wrapper.cfbundle; includeInIndex = 0; path = SecureSnoozeTests.xctest; sourceTree = BUILT_PRODUCTS_DIR; };
		AA0D01D82B0BFE5700986C6B /* SecureSnoozeTests.swift */ = {isa = PBXFileReference; lastKnownFileType = sourcecode.swift; path = SecureSnoozeTests.swift; sourceTree = "<group>"; };
		AA0D01DE2B0BFE5700986C6B /* SecureSnoozeUITests.xctest */ = {isa = PBXFileReference; explicitFileType = wrapper.cfbundle; includeInIndex = 0; path = SecureSnoozeUITests.xctest; sourceTree = BUILT_PRODUCTS_DIR; };
		AA0D01E22B0BFE5700986C6B /* SecureSnoozeUITests.swift */ = {isa = PBXFileReference; lastKnownFileType = sourcecode.swift; path = SecureSnoozeUITests.swift; sourceTree = "<group>"; };
		AA0D01E42B0BFE5700986C6B /* SecureSnoozeUITestsLaunchTests.swift */ = {isa = PBXFileReference; lastKnownFileType = sourcecode.swift; path = SecureSnoozeUITestsLaunchTests.swift; sourceTree = "<group>"; };
		AA163B9F2B0C1D21001B2EC1 /* AlarmsNavigationController.swift */ = {isa = PBXFileReference; lastKnownFileType = sourcecode.swift; path = AlarmsNavigationController.swift; sourceTree = "<group>"; };
		AA163BA62B0C1D94001B2EC1 /* NotesNavigationController.swift */ = {isa = PBXFileReference; lastKnownFileType = sourcecode.swift; path = NotesNavigationController.swift; sourceTree = "<group>"; };
		AA163BA82B0C1DA0001B2EC1 /* SettingsNavigationController.swift */ = {isa = PBXFileReference; lastKnownFileType = sourcecode.swift; path = SettingsNavigationController.swift; sourceTree = "<group>"; };
		AA2372AE2B17B4220009BFA9 /* SettingsTableViewController.swift */ = {isa = PBXFileReference; lastKnownFileType = sourcecode.swift; path = SettingsTableViewController.swift; sourceTree = "<group>"; };
		AA2372B02B17B4590009BFA9 /* Settings.swift */ = {isa = PBXFileReference; lastKnownFileType = sourcecode.swift; path = Settings.swift; sourceTree = "<group>"; };
		AA2372B32B17B5E30009BFA9 /* SleepGoalSettingsTableViewController.swift */ = {isa = PBXFileReference; lastKnownFileType = sourcecode.swift; path = SleepGoalSettingsTableViewController.swift; sourceTree = "<group>"; };
		AA2372B52B17B5FA0009BFA9 /* ReminderSettingsTableViewController.swift */ = {isa = PBXFileReference; lastKnownFileType = sourcecode.swift; path = ReminderSettingsTableViewController.swift; sourceTree = "<group>"; };
		AA2372B72B17B60F0009BFA9 /* SecurityPasscodeSettingsTableViewController.swift */ = {isa = PBXFileReference; lastKnownFileType = sourcecode.swift; path = SecurityPasscodeSettingsTableViewController.swift; sourceTree = "<group>"; };
		AA2372BB2B17B6410009BFA9 /* ExtraSecurityStepsSettingsTableViewController.swift */ = {isa = PBXFileReference; lastKnownFileType = sourcecode.swift; path = ExtraSecurityStepsSettingsTableViewController.swift; sourceTree = "<group>"; };
		AA567E162B16501A003C8BD0 /* AnalyticsTableViewController.swift */ = {isa = PBXFileReference; lastKnownFileType = sourcecode.swift; path = AnalyticsTableViewController.swift; sourceTree = "<group>"; };
		AA567E182B1688FE003C8BD0 /* AnalyticsNavigationController.swift */ = {isa = PBXFileReference; lastKnownFileType = sourcecode.swift; path = AnalyticsNavigationController.swift; sourceTree = "<group>"; };
		AA644B1D2B1CE9C1006F3C79 /* WelcomeViewController.swift */ = {isa = PBXFileReference; lastKnownFileType = sourcecode.swift; path = WelcomeViewController.swift; sourceTree = "<group>"; };
		AA644B1F2B1CF2F5006F3C79 /* SleepQualityChart.swift */ = {isa = PBXFileReference; lastKnownFileType = sourcecode.swift; path = SleepQualityChart.swift; sourceTree = "<group>"; };
		AA6BCA5B2B1515960055D2B9 /* SoundSettingsTableViewController.swift */ = {isa = PBXFileReference; lastKnownFileType = sourcecode.swift; path = SoundSettingsTableViewController.swift; sourceTree = "<group>"; };
		AA6BCA5D2B151EA30055D2B9 /* NotesTableViewController.swift */ = {isa = PBXFileReference; lastKnownFileType = sourcecode.swift; path = NotesTableViewController.swift; sourceTree = "<group>"; };
		AA6BCA612B15247C0055D2B9 /* Note.swift */ = {isa = PBXFileReference; lastKnownFileType = sourcecode.swift; path = Note.swift; sourceTree = "<group>"; };
		AA8C10DD2B1911CB00B967EF /* PasscodeViewController.swift */ = {isa = PBXFileReference; lastKnownFileType = sourcecode.swift; path = PasscodeViewController.swift; sourceTree = "<group>"; };
		AA8C10E02B19121000B967EF /* Passcode.swift */ = {isa = PBXFileReference; lastKnownFileType = sourcecode.swift; path = Passcode.swift; sourceTree = "<group>"; };
		AAC7B27A2B1D0B080013BEB3 /* AlarmNotificationManager.swift */ = {isa = PBXFileReference; lastKnownFileType = sourcecode.swift; path = AlarmNotificationManager.swift; sourceTree = "<group>"; };
		AAC7B27E2B1D1E690013BEB3 /* analog.mp3 */ = {isa = PBXFileReference; lastKnownFileType = audio.mp3; path = analog.mp3; sourceTree = "<group>"; };
		AAC7B27F2B1D1E690013BEB3 /* future.mp3 */ = {isa = PBXFileReference; lastKnownFileType = audio.mp3; path = future.mp3; sourceTree = "<group>"; };
		AAC7B2802B1D1E690013BEB3 /* digital.mp3 */ = {isa = PBXFileReference; lastKnownFileType = audio.mp3; path = digital.mp3; sourceTree = "<group>"; };
		AAC7B2852B1D3E870013BEB3 /* SessionViewController.swift */ = {isa = PBXFileReference; lastKnownFileType = sourcecode.swift; path = SessionViewController.swift; sourceTree = "<group>"; };
		AAC7B2872B1D553D0013BEB3 /* SessionAlarmViewController.swift */ = {isa = PBXFileReference; lastKnownFileType = sourcecode.swift; path = SessionAlarmViewController.swift; sourceTree = "<group>"; };
		AAC7B2892B1D5B340013BEB3 /* silence.mp3 */ = {isa = PBXFileReference; lastKnownFileType = audio.mp3; path = silence.mp3; sourceTree = "<group>"; };
		AADCB5C92B0C230600F0AA3C /* Alarm.swift */ = {isa = PBXFileReference; lastKnownFileType = sourcecode.swift; name = Alarm.swift; path = SecureSnooze/DataTypes/Alarm.swift; sourceTree = SOURCE_ROOT; };
		AADCB5CD2B0C26B500F0AA3C /* UserDefaultsKeys.swift */ = {isa = PBXFileReference; lastKnownFileType = sourcecode.swift; name = UserDefaultsKeys.swift; path = SecureSnooze/DataTypes/UserDefaultsKeys.swift; sourceTree = SOURCE_ROOT; };
		AADCB5CF2B0C338C00F0AA3C /* RootTabBarControllerViewController.swift */ = {isa = PBXFileReference; lastKnownFileType = sourcecode.swift; path = RootTabBarControllerViewController.swift; sourceTree = "<group>"; };
		AADCB5D12B0C3C2800F0AA3C /* AlarmSettingsTableViewController.swift */ = {isa = PBXFileReference; lastKnownFileType = sourcecode.swift; path = AlarmSettingsTableViewController.swift; sourceTree = "<group>"; };
/* End PBXFileReference section */

/* Begin PBXFrameworksBuildPhase section */
		AA0D01BB2B0BFE5500986C6B /* Frameworks */ = {
			isa = PBXFrameworksBuildPhase;
			buildActionMask = 2147483647;
			files = (
			);
			runOnlyForDeploymentPostprocessing = 0;
		};
		AA0D01D12B0BFE5700986C6B /* Frameworks */ = {
			isa = PBXFrameworksBuildPhase;
			buildActionMask = 2147483647;
			files = (
			);
			runOnlyForDeploymentPostprocessing = 0;
		};
		AA0D01DB2B0BFE5700986C6B /* Frameworks */ = {
			isa = PBXFrameworksBuildPhase;
			buildActionMask = 2147483647;
			files = (
			);
			runOnlyForDeploymentPostprocessing = 0;
		};
/* End PBXFrameworksBuildPhase section */

/* Begin PBXGroup section */
		AA0D01B52B0BFE5500986C6B = {
			isa = PBXGroup;
			children = (
				AA0D01C02B0BFE5500986C6B /* SecureSnooze */,
				AA0D01D72B0BFE5700986C6B /* SecureSnoozeTests */,
				AA0D01E12B0BFE5700986C6B /* SecureSnoozeUITests */,
				AA0D01BF2B0BFE5500986C6B /* Products */,
			);
			sourceTree = "<group>";
		};
		AA0D01BF2B0BFE5500986C6B /* Products */ = {
			isa = PBXGroup;
			children = (
				AA0D01BE2B0BFE5500986C6B /* SecureSnooze.app */,
				AA0D01D42B0BFE5700986C6B /* SecureSnoozeTests.xctest */,
				AA0D01DE2B0BFE5700986C6B /* SecureSnoozeUITests.xctest */,
			);
			name = Products;
			sourceTree = "<group>";
		};
		AA0D01C02B0BFE5500986C6B /* SecureSnooze */ = {
			isa = PBXGroup;
			children = (
				AAC7B27D2B1D1E520013BEB3 /* Audio */,
				AAC7B27C2B1D0FDB0013BEB3 /* Managers */,
				AA6BCA632B1539E00055D2B9 /* DataTypes */,
				AA163BA42B0C1D58001B2EC1 /* ViewControllers */,
				AA163BA32B0C1D45001B2EC1 /* Delegates */,
				AA0D01C72B0BFE5500986C6B /* Main.storyboard */,
				AA0D01CA2B0BFE5600986C6B /* Assets.xcassets */,
				AA0D01CC2B0BFE5600986C6B /* LaunchScreen.storyboard */,
				AA0D01CF2B0BFE5600986C6B /* Info.plist */,
			);
			path = SecureSnooze;
			sourceTree = "<group>";
		};
		AA0D01D72B0BFE5700986C6B /* SecureSnoozeTests */ = {
			isa = PBXGroup;
			children = (
				AA0D01D82B0BFE5700986C6B /* SecureSnoozeTests.swift */,
			);
			path = SecureSnoozeTests;
			sourceTree = "<group>";
		};
		AA0D01E12B0BFE5700986C6B /* SecureSnoozeUITests */ = {
			isa = PBXGroup;
			children = (
				AA0D01E22B0BFE5700986C6B /* SecureSnoozeUITests.swift */,
				AA0D01E42B0BFE5700986C6B /* SecureSnoozeUITestsLaunchTests.swift */,
			);
			path = SecureSnoozeUITests;
			sourceTree = "<group>";
		};
		AA163BA32B0C1D45001B2EC1 /* Delegates */ = {
			isa = PBXGroup;
			children = (
				AA0D01C12B0BFE5500986C6B /* AppDelegate.swift */,
				AA0D01C32B0BFE5500986C6B /* SceneDelegate.swift */,
			);
			path = Delegates;
			sourceTree = "<group>";
		};
		AA163BA42B0C1D58001B2EC1 /* ViewControllers */ = {
			isa = PBXGroup;
			children = (
				AAC7B2842B1D3E750013BEB3 /* Session */,
				AA644B1C2B1CE9AE006F3C79 /* Welcome */,
				AA8C10DF2B1911D500B967EF /* Passcode */,
				AA2372AD2B17B40C0009BFA9 /* Settings */,
				AA567E152B165006003C8BD0 /* Analytics */,
				AA6BCA5F2B151EBC0055D2B9 /* Alarm */,
				AA6BCA602B151EDD0055D2B9 /* Notes */,
				AA163BA52B0C1D76001B2EC1 /* NavigationControllers */,
			);
			path = ViewControllers;
			sourceTree = "<group>";
		};
		AA163BA52B0C1D76001B2EC1 /* NavigationControllers */ = {
			isa = PBXGroup;
			children = (
				AADCB5CF2B0C338C00F0AA3C /* RootTabBarControllerViewController.swift */,
				AA163B9F2B0C1D21001B2EC1 /* AlarmsNavigationController.swift */,
				AA163BA62B0C1D94001B2EC1 /* NotesNavigationController.swift */,
				AA163BA82B0C1DA0001B2EC1 /* SettingsNavigationController.swift */,
				AA567E182B1688FE003C8BD0 /* AnalyticsNavigationController.swift */,
			);
			path = NavigationControllers;
			sourceTree = "<group>";
		};
		AA2372AD2B17B40C0009BFA9 /* Settings */ = {
			isa = PBXGroup;
			children = (
				AA2372B22B17B5C60009BFA9 /* SettingsChildControllers */,
				AA2372AE2B17B4220009BFA9 /* SettingsTableViewController.swift */,
			);
			path = Settings;
			sourceTree = "<group>";
		};
		AA2372B22B17B5C60009BFA9 /* SettingsChildControllers */ = {
			isa = PBXGroup;
			children = (
				AA2372B32B17B5E30009BFA9 /* SleepGoalSettingsTableViewController.swift */,
				AA2372B52B17B5FA0009BFA9 /* ReminderSettingsTableViewController.swift */,
				AA2372B72B17B60F0009BFA9 /* SecurityPasscodeSettingsTableViewController.swift */,
				AA2372BB2B17B6410009BFA9 /* ExtraSecurityStepsSettingsTableViewController.swift */,
			);
			path = SettingsChildControllers;
			sourceTree = "<group>";
		};
		AA567E152B165006003C8BD0 /* Analytics */ = {
			isa = PBXGroup;
			children = (
				AA567E162B16501A003C8BD0 /* AnalyticsTableViewController.swift */,
			);
			path = Analytics;
			sourceTree = "<group>";
		};
		AA644B1C2B1CE9AE006F3C79 /* Welcome */ = {
			isa = PBXGroup;
			children = (
				AA644B1D2B1CE9C1006F3C79 /* WelcomeViewController.swift */,
			);
			path = Welcome;
			sourceTree = "<group>";
		};
		AA6BCA5F2B151EBC0055D2B9 /* Alarm */ = {
			isa = PBXGroup;
			children = (
				AADCB5D12B0C3C2800F0AA3C /* AlarmSettingsTableViewController.swift */,
				AA6BCA5B2B1515960055D2B9 /* SoundSettingsTableViewController.swift */,
			);
			path = Alarm;
			sourceTree = "<group>";
		};
		AA6BCA602B151EDD0055D2B9 /* Notes */ = {
			isa = PBXGroup;
			children = (
				AA6BCA5D2B151EA30055D2B9 /* NotesTableViewController.swift */,
			);
			path = Notes;
			sourceTree = "<group>";
		};
		AA6BCA632B1539E00055D2B9 /* DataTypes */ = {
			isa = PBXGroup;
			children = (
				AADCB5CD2B0C26B500F0AA3C /* UserDefaultsKeys.swift */,
				AADCB5C92B0C230600F0AA3C /* Alarm.swift */,
				AA6BCA612B15247C0055D2B9 /* Note.swift */,
				AA2372B02B17B4590009BFA9 /* Settings.swift */,
				AA8C10E02B19121000B967EF /* Passcode.swift */,
				AA644B1F2B1CF2F5006F3C79 /* SleepQualityChart.swift */,
			);
			path = DataTypes;
			sourceTree = "<group>";
		};
		AA8C10DF2B1911D500B967EF /* Passcode */ = {
			isa = PBXGroup;
			children = (
				AA8C10DD2B1911CB00B967EF /* PasscodeViewController.swift */,
			);
			path = Passcode;
			sourceTree = "<group>";
		};
		AAC7B27C2B1D0FDB0013BEB3 /* Managers */ = {
			isa = PBXGroup;
			children = (
				AAC7B27A2B1D0B080013BEB3 /* AlarmNotificationManager.swift */,
			);
			path = Managers;
			sourceTree = "<group>";
		};
		AAC7B27D2B1D1E520013BEB3 /* Audio */ = {
			isa = PBXGroup;
			children = (
				AAC7B2892B1D5B340013BEB3 /* silence.mp3 */,
				AAC7B27E2B1D1E690013BEB3 /* analog.mp3 */,
				AAC7B2802B1D1E690013BEB3 /* digital.mp3 */,
				AAC7B27F2B1D1E690013BEB3 /* future.mp3 */,
			);
			path = Audio;
			sourceTree = "<group>";
		};
		AAC7B2842B1D3E750013BEB3 /* Session */ = {
			isa = PBXGroup;
			children = (
				AAC7B2852B1D3E870013BEB3 /* SessionViewController.swift */,
				AAC7B2872B1D553D0013BEB3 /* SessionAlarmViewController.swift */,
			);
			path = Session;
			sourceTree = "<group>";
		};
/* End PBXGroup section */

/* Begin PBXNativeTarget section */
		AA0D01BD2B0BFE5500986C6B /* SecureSnooze */ = {
			isa = PBXNativeTarget;
			buildConfigurationList = AA0D01E82B0BFE5700986C6B /* Build configuration list for PBXNativeTarget "SecureSnooze" */;
			buildPhases = (
				AA0D01BA2B0BFE5500986C6B /* Sources */,
				AA0D01BB2B0BFE5500986C6B /* Frameworks */,
				AA0D01BC2B0BFE5500986C6B /* Resources */,
			);
			buildRules = (
			);
			dependencies = (
			);
			name = SecureSnooze;
			productName = SecureSnooze;
			productReference = AA0D01BE2B0BFE5500986C6B /* SecureSnooze.app */;
			productType = "com.apple.product-type.application";
		};
		AA0D01D32B0BFE5700986C6B /* SecureSnoozeTests */ = {
			isa = PBXNativeTarget;
			buildConfigurationList = AA0D01EB2B0BFE5700986C6B /* Build configuration list for PBXNativeTarget "SecureSnoozeTests" */;
			buildPhases = (
				AA0D01D02B0BFE5700986C6B /* Sources */,
				AA0D01D12B0BFE5700986C6B /* Frameworks */,
				AA0D01D22B0BFE5700986C6B /* Resources */,
			);
			buildRules = (
			);
			dependencies = (
				AA0D01D62B0BFE5700986C6B /* PBXTargetDependency */,
			);
			name = SecureSnoozeTests;
			productName = SecureSnoozeTests;
			productReference = AA0D01D42B0BFE5700986C6B /* SecureSnoozeTests.xctest */;
			productType = "com.apple.product-type.bundle.unit-test";
		};
		AA0D01DD2B0BFE5700986C6B /* SecureSnoozeUITests */ = {
			isa = PBXNativeTarget;
			buildConfigurationList = AA0D01EE2B0BFE5700986C6B /* Build configuration list for PBXNativeTarget "SecureSnoozeUITests" */;
			buildPhases = (
				AA0D01DA2B0BFE5700986C6B /* Sources */,
				AA0D01DB2B0BFE5700986C6B /* Frameworks */,
				AA0D01DC2B0BFE5700986C6B /* Resources */,
			);
			buildRules = (
			);
			dependencies = (
				AA0D01E02B0BFE5700986C6B /* PBXTargetDependency */,
			);
			name = SecureSnoozeUITests;
			productName = SecureSnoozeUITests;
			productReference = AA0D01DE2B0BFE5700986C6B /* SecureSnoozeUITests.xctest */;
			productType = "com.apple.product-type.bundle.ui-testing";
		};
/* End PBXNativeTarget section */

/* Begin PBXProject section */
		AA0D01B62B0BFE5500986C6B /* Project object */ = {
			isa = PBXProject;
			attributes = {
				BuildIndependentTargetsInParallel = 1;
				LastSwiftUpdateCheck = 1500;
				LastUpgradeCheck = 1500;
				TargetAttributes = {
					AA0D01BD2B0BFE5500986C6B = {
						CreatedOnToolsVersion = 15.0.1;
					};
					AA0D01D32B0BFE5700986C6B = {
						CreatedOnToolsVersion = 15.0.1;
						TestTargetID = AA0D01BD2B0BFE5500986C6B;
					};
					AA0D01DD2B0BFE5700986C6B = {
						CreatedOnToolsVersion = 15.0.1;
						TestTargetID = AA0D01BD2B0BFE5500986C6B;
					};
				};
			};
			buildConfigurationList = AA0D01B92B0BFE5500986C6B /* Build configuration list for PBXProject "SecureSnooze" */;
			compatibilityVersion = "Xcode 14.0";
			developmentRegion = en;
			hasScannedForEncodings = 0;
			knownRegions = (
				en,
				Base,
			);
			mainGroup = AA0D01B52B0BFE5500986C6B;
			productRefGroup = AA0D01BF2B0BFE5500986C6B /* Products */;
			projectDirPath = "";
			projectRoot = "";
			targets = (
				AA0D01BD2B0BFE5500986C6B /* SecureSnooze */,
				AA0D01D32B0BFE5700986C6B /* SecureSnoozeTests */,
				AA0D01DD2B0BFE5700986C6B /* SecureSnoozeUITests */,
			);
		};
/* End PBXProject section */

/* Begin PBXResourcesBuildPhase section */
		AA0D01BC2B0BFE5500986C6B /* Resources */ = {
			isa = PBXResourcesBuildPhase;
			buildActionMask = 2147483647;
			files = (
				AAC7B2822B1D1E690013BEB3 /* future.mp3 in Resources */,
				AA0D01CE2B0BFE5600986C6B /* LaunchScreen.storyboard in Resources */,
				AAC7B28A2B1D5B340013BEB3 /* silence.mp3 in Resources */,
				AA0D01CB2B0BFE5600986C6B /* Assets.xcassets in Resources */,
				AAC7B2812B1D1E690013BEB3 /* analog.mp3 in Resources */,
				AA0D01C92B0BFE5500986C6B /* Main.storyboard in Resources */,
				AAC7B2832B1D1E690013BEB3 /* digital.mp3 in Resources */,
			);
			runOnlyForDeploymentPostprocessing = 0;
		};
		AA0D01D22B0BFE5700986C6B /* Resources */ = {
			isa = PBXResourcesBuildPhase;
			buildActionMask = 2147483647;
			files = (
			);
			runOnlyForDeploymentPostprocessing = 0;
		};
		AA0D01DC2B0BFE5700986C6B /* Resources */ = {
			isa = PBXResourcesBuildPhase;
			buildActionMask = 2147483647;
			files = (
			);
			runOnlyForDeploymentPostprocessing = 0;
		};
/* End PBXResourcesBuildPhase section */

/* Begin PBXSourcesBuildPhase section */
		AA0D01BA2B0BFE5500986C6B /* Sources */ = {
			isa = PBXSourcesBuildPhase;
			buildActionMask = 2147483647;
			files = (
				AA567E172B16501A003C8BD0 /* AnalyticsTableViewController.swift in Sources */,
				AA0D01C22B0BFE5500986C6B /* AppDelegate.swift in Sources */,
				AA2372B62B17B5FA0009BFA9 /* ReminderSettingsTableViewController.swift in Sources */,
				AADCB5D22B0C3C2800F0AA3C /* AlarmSettingsTableViewController.swift in Sources */,
				AA163BA92B0C1DA0001B2EC1 /* SettingsNavigationController.swift in Sources */,
				AA2372B42B17B5E30009BFA9 /* SleepGoalSettingsTableViewController.swift in Sources */,
				AA163BA72B0C1D94001B2EC1 /* NotesNavigationController.swift in Sources */,
				AAC7B2882B1D553D0013BEB3 /* SessionAlarmViewController.swift in Sources */,
				AA2372B12B17B4590009BFA9 /* Settings.swift in Sources */,
				AA644B202B1CF2F5006F3C79 /* SleepQualityChart.swift in Sources */,
				AA2372AF2B17B4220009BFA9 /* SettingsTableViewController.swift in Sources */,
				AA2372BC2B17B6410009BFA9 /* ExtraSecurityStepsSettingsTableViewController.swift in Sources */,
				AADCB5CE2B0C26B500F0AA3C /* UserDefaultsKeys.swift in Sources */,
				AAC7B27B2B1D0B080013BEB3 /* AlarmNotificationManager.swift in Sources */,
				AA6BCA5C2B1515960055D2B9 /* SoundSettingsTableViewController.swift in Sources */,
				AA163BA02B0C1D21001B2EC1 /* AlarmsNavigationController.swift in Sources */,
				AA6BCA5E2B151EA30055D2B9 /* NotesTableViewController.swift in Sources */,
				AA567E192B1688FE003C8BD0 /* AnalyticsNavigationController.swift in Sources */,
				AA8C10E12B19121000B967EF /* Passcode.swift in Sources */,
				AA8C10DE2B1911CB00B967EF /* PasscodeViewController.swift in Sources */,
				AA0D01C42B0BFE5500986C6B /* SceneDelegate.swift in Sources */,
				AA644B1E2B1CE9C1006F3C79 /* WelcomeViewController.swift in Sources */,
				AAC7B2862B1D3E870013BEB3 /* SessionViewController.swift in Sources */,
				AA2372B82B17B60F0009BFA9 /* SecurityPasscodeSettingsTableViewController.swift in Sources */,
				AADCB5D02B0C338C00F0AA3C /* RootTabBarControllerViewController.swift in Sources */,
				AA6BCA622B15247C0055D2B9 /* Note.swift in Sources */,
				AADCB5CA2B0C230600F0AA3C /* Alarm.swift in Sources */,
			);
			runOnlyForDeploymentPostprocessing = 0;
		};
		AA0D01D02B0BFE5700986C6B /* Sources */ = {
			isa = PBXSourcesBuildPhase;
			buildActionMask = 2147483647;
			files = (
				AA0D01D92B0BFE5700986C6B /* SecureSnoozeTests.swift in Sources */,
			);
			runOnlyForDeploymentPostprocessing = 0;
		};
		AA0D01DA2B0BFE5700986C6B /* Sources */ = {
			isa = PBXSourcesBuildPhase;
			buildActionMask = 2147483647;
			files = (
				AA0D01E32B0BFE5700986C6B /* SecureSnoozeUITests.swift in Sources */,
				AA0D01E52B0BFE5700986C6B /* SecureSnoozeUITestsLaunchTests.swift in Sources */,
			);
			runOnlyForDeploymentPostprocessing = 0;
		};
/* End PBXSourcesBuildPhase section */

/* Begin PBXTargetDependency section */
		AA0D01D62B0BFE5700986C6B /* PBXTargetDependency */ = {
			isa = PBXTargetDependency;
			target = AA0D01BD2B0BFE5500986C6B /* SecureSnooze */;
			targetProxy = AA0D01D52B0BFE5700986C6B /* PBXContainerItemProxy */;
		};
		AA0D01E02B0BFE5700986C6B /* PBXTargetDependency */ = {
			isa = PBXTargetDependency;
			target = AA0D01BD2B0BFE5500986C6B /* SecureSnooze */;
			targetProxy = AA0D01DF2B0BFE5700986C6B /* PBXContainerItemProxy */;
		};
/* End PBXTargetDependency section */

/* Begin PBXVariantGroup section */
		AA0D01C72B0BFE5500986C6B /* Main.storyboard */ = {
			isa = PBXVariantGroup;
			children = (
				AA0D01C82B0BFE5500986C6B /* Base */,
			);
			name = Main.storyboard;
			sourceTree = "<group>";
		};
		AA0D01CC2B0BFE5600986C6B /* LaunchScreen.storyboard */ = {
			isa = PBXVariantGroup;
			children = (
				AA0D01CD2B0BFE5600986C6B /* Base */,
			);
			name = LaunchScreen.storyboard;
			sourceTree = "<group>";
		};
/* End PBXVariantGroup section */

/* Begin XCBuildConfiguration section */
		AA0D01E62B0BFE5700986C6B /* Debug */ = {
			isa = XCBuildConfiguration;
			buildSettings = {
				ALWAYS_SEARCH_USER_PATHS = NO;
				ASSETCATALOG_COMPILER_GENERATE_SWIFT_ASSET_SYMBOL_EXTENSIONS = YES;
				CLANG_ANALYZER_NONNULL = YES;
				CLANG_ANALYZER_NUMBER_OBJECT_CONVERSION = YES_AGGRESSIVE;
				CLANG_CXX_LANGUAGE_STANDARD = "gnu++20";
				CLANG_ENABLE_MODULES = YES;
				CLANG_ENABLE_OBJC_ARC = YES;
				CLANG_ENABLE_OBJC_WEAK = YES;
				CLANG_WARN_BLOCK_CAPTURE_AUTORELEASING = YES;
				CLANG_WARN_BOOL_CONVERSION = YES;
				CLANG_WARN_COMMA = YES;
				CLANG_WARN_CONSTANT_CONVERSION = YES;
				CLANG_WARN_DEPRECATED_OBJC_IMPLEMENTATIONS = YES;
				CLANG_WARN_DIRECT_OBJC_ISA_USAGE = YES_ERROR;
				CLANG_WARN_DOCUMENTATION_COMMENTS = YES;
				CLANG_WARN_EMPTY_BODY = YES;
				CLANG_WARN_ENUM_CONVERSION = YES;
				CLANG_WARN_INFINITE_RECURSION = YES;
				CLANG_WARN_INT_CONVERSION = YES;
				CLANG_WARN_NON_LITERAL_NULL_CONVERSION = YES;
				CLANG_WARN_OBJC_IMPLICIT_RETAIN_SELF = YES;
				CLANG_WARN_OBJC_LITERAL_CONVERSION = YES;
				CLANG_WARN_OBJC_ROOT_CLASS = YES_ERROR;
				CLANG_WARN_QUOTED_INCLUDE_IN_FRAMEWORK_HEADER = YES;
				CLANG_WARN_RANGE_LOOP_ANALYSIS = YES;
				CLANG_WARN_STRICT_PROTOTYPES = YES;
				CLANG_WARN_SUSPICIOUS_MOVE = YES;
				CLANG_WARN_UNGUARDED_AVAILABILITY = YES_AGGRESSIVE;
				CLANG_WARN_UNREACHABLE_CODE = YES;
				CLANG_WARN__DUPLICATE_METHOD_MATCH = YES;
				COPY_PHASE_STRIP = NO;
				DEBUG_INFORMATION_FORMAT = dwarf;
				ENABLE_STRICT_OBJC_MSGSEND = YES;
				ENABLE_TESTABILITY = YES;
				ENABLE_USER_SCRIPT_SANDBOXING = YES;
				GCC_C_LANGUAGE_STANDARD = gnu17;
				GCC_DYNAMIC_NO_PIC = NO;
				GCC_NO_COMMON_BLOCKS = YES;
				GCC_OPTIMIZATION_LEVEL = 0;
				GCC_PREPROCESSOR_DEFINITIONS = (
					"DEBUG=1",
					"$(inherited)",
				);
				GCC_WARN_64_TO_32_BIT_CONVERSION = YES;
				GCC_WARN_ABOUT_RETURN_TYPE = YES_ERROR;
				GCC_WARN_UNDECLARED_SELECTOR = YES;
				GCC_WARN_UNINITIALIZED_AUTOS = YES_AGGRESSIVE;
				GCC_WARN_UNUSED_FUNCTION = YES;
				GCC_WARN_UNUSED_VARIABLE = YES;
				IPHONEOS_DEPLOYMENT_TARGET = 17.0;
				LOCALIZATION_PREFERS_STRING_CATALOGS = YES;
				MTL_ENABLE_DEBUG_INFO = INCLUDE_SOURCE;
				MTL_FAST_MATH = YES;
				ONLY_ACTIVE_ARCH = YES;
				SDKROOT = iphoneos;
				SWIFT_ACTIVE_COMPILATION_CONDITIONS = "DEBUG $(inherited)";
				SWIFT_OPTIMIZATION_LEVEL = "-Onone";
			};
			name = Debug;
		};
		AA0D01E72B0BFE5700986C6B /* Release */ = {
			isa = XCBuildConfiguration;
			buildSettings = {
				ALWAYS_SEARCH_USER_PATHS = NO;
				ASSETCATALOG_COMPILER_GENERATE_SWIFT_ASSET_SYMBOL_EXTENSIONS = YES;
				CLANG_ANALYZER_NONNULL = YES;
				CLANG_ANALYZER_NUMBER_OBJECT_CONVERSION = YES_AGGRESSIVE;
				CLANG_CXX_LANGUAGE_STANDARD = "gnu++20";
				CLANG_ENABLE_MODULES = YES;
				CLANG_ENABLE_OBJC_ARC = YES;
				CLANG_ENABLE_OBJC_WEAK = YES;
				CLANG_WARN_BLOCK_CAPTURE_AUTORELEASING = YES;
				CLANG_WARN_BOOL_CONVERSION = YES;
				CLANG_WARN_COMMA = YES;
				CLANG_WARN_CONSTANT_CONVERSION = YES;
				CLANG_WARN_DEPRECATED_OBJC_IMPLEMENTATIONS = YES;
				CLANG_WARN_DIRECT_OBJC_ISA_USAGE = YES_ERROR;
				CLANG_WARN_DOCUMENTATION_COMMENTS = YES;
				CLANG_WARN_EMPTY_BODY = YES;
				CLANG_WARN_ENUM_CONVERSION = YES;
				CLANG_WARN_INFINITE_RECURSION = YES;
				CLANG_WARN_INT_CONVERSION = YES;
				CLANG_WARN_NON_LITERAL_NULL_CONVERSION = YES;
				CLANG_WARN_OBJC_IMPLICIT_RETAIN_SELF = YES;
				CLANG_WARN_OBJC_LITERAL_CONVERSION = YES;
				CLANG_WARN_OBJC_ROOT_CLASS = YES_ERROR;
				CLANG_WARN_QUOTED_INCLUDE_IN_FRAMEWORK_HEADER = YES;
				CLANG_WARN_RANGE_LOOP_ANALYSIS = YES;
				CLANG_WARN_STRICT_PROTOTYPES = YES;
				CLANG_WARN_SUSPICIOUS_MOVE = YES;
				CLANG_WARN_UNGUARDED_AVAILABILITY = YES_AGGRESSIVE;
				CLANG_WARN_UNREACHABLE_CODE = YES;
				CLANG_WARN__DUPLICATE_METHOD_MATCH = YES;
				COPY_PHASE_STRIP = NO;
				DEBUG_INFORMATION_FORMAT = "dwarf-with-dsym";
				ENABLE_NS_ASSERTIONS = NO;
				ENABLE_STRICT_OBJC_MSGSEND = YES;
				ENABLE_USER_SCRIPT_SANDBOXING = YES;
				GCC_C_LANGUAGE_STANDARD = gnu17;
				GCC_NO_COMMON_BLOCKS = YES;
				GCC_WARN_64_TO_32_BIT_CONVERSION = YES;
				GCC_WARN_ABOUT_RETURN_TYPE = YES_ERROR;
				GCC_WARN_UNDECLARED_SELECTOR = YES;
				GCC_WARN_UNINITIALIZED_AUTOS = YES_AGGRESSIVE;
				GCC_WARN_UNUSED_FUNCTION = YES;
				GCC_WARN_UNUSED_VARIABLE = YES;
				IPHONEOS_DEPLOYMENT_TARGET = 17.0;
				LOCALIZATION_PREFERS_STRING_CATALOGS = YES;
				MTL_ENABLE_DEBUG_INFO = NO;
				MTL_FAST_MATH = YES;
				SDKROOT = iphoneos;
				SWIFT_COMPILATION_MODE = wholemodule;
				VALIDATE_PRODUCT = YES;
			};
			name = Release;
		};
		AA0D01E92B0BFE5700986C6B /* Debug */ = {
			isa = XCBuildConfiguration;
			buildSettings = {
				ASSETCATALOG_COMPILER_APPICON_NAME = AppIcon;
				ASSETCATALOG_COMPILER_GLOBAL_ACCENT_COLOR_NAME = AccentColor;
				CODE_SIGN_STYLE = Automatic;
				CURRENT_PROJECT_VERSION = 1;
				DEVELOPMENT_TEAM = 4D5UMLZDGA;
				GENERATE_INFOPLIST_FILE = YES;
				INFOPLIST_FILE = SecureSnooze/Info.plist;
				INFOPLIST_KEY_UIApplicationSupportsIndirectInputEvents = YES;
				INFOPLIST_KEY_UILaunchStoryboardName = LaunchScreen;
				INFOPLIST_KEY_UIMainStoryboardFile = Main;
				INFOPLIST_KEY_UISupportedInterfaceOrientations_iPad = "UIInterfaceOrientationPortrait UIInterfaceOrientationPortraitUpsideDown UIInterfaceOrientationLandscapeLeft UIInterfaceOrientationLandscapeRight";
				INFOPLIST_KEY_UISupportedInterfaceOrientations_iPhone = "UIInterfaceOrientationPortrait UIInterfaceOrientationLandscapeLeft UIInterfaceOrientationLandscapeRight";
				LD_RUNPATH_SEARCH_PATHS = (
					"$(inherited)",
					"@executable_path/Frameworks",
				);
				MARKETING_VERSION = 1.0;
				PRODUCT_BUNDLE_IDENTIFIER = alexely.SecureSnooze;
				PRODUCT_NAME = "$(TARGET_NAME)";
				SWIFT_EMIT_LOC_STRINGS = YES;
				SWIFT_VERSION = 5.0;
				TARGETED_DEVICE_FAMILY = "1,2";
			};
			name = Debug;
		};
		AA0D01EA2B0BFE5700986C6B /* Release */ = {
			isa = XCBuildConfiguration;
			buildSettings = {
				ASSETCATALOG_COMPILER_APPICON_NAME = AppIcon;
				ASSETCATALOG_COMPILER_GLOBAL_ACCENT_COLOR_NAME = AccentColor;
				CODE_SIGN_STYLE = Automatic;
				CURRENT_PROJECT_VERSION = 1;
				DEVELOPMENT_TEAM = 4D5UMLZDGA;
				GENERATE_INFOPLIST_FILE = YES;
				INFOPLIST_FILE = SecureSnooze/Info.plist;
				INFOPLIST_KEY_UIApplicationSupportsIndirectInputEvents = YES;
				INFOPLIST_KEY_UILaunchStoryboardName = LaunchScreen;
				INFOPLIST_KEY_UIMainStoryboardFile = Main;
				INFOPLIST_KEY_UISupportedInterfaceOrientations_iPad = "UIInterfaceOrientationPortrait UIInterfaceOrientationPortraitUpsideDown UIInterfaceOrientationLandscapeLeft UIInterfaceOrientationLandscapeRight";
				INFOPLIST_KEY_UISupportedInterfaceOrientations_iPhone = "UIInterfaceOrientationPortrait UIInterfaceOrientationLandscapeLeft UIInterfaceOrientationLandscapeRight";
				LD_RUNPATH_SEARCH_PATHS = (
					"$(inherited)",
					"@executable_path/Frameworks",
				);
				MARKETING_VERSION = 1.0;
				PRODUCT_BUNDLE_IDENTIFIER = alexely.SecureSnooze;
				PRODUCT_NAME = "$(TARGET_NAME)";
				SWIFT_EMIT_LOC_STRINGS = YES;
				SWIFT_VERSION = 5.0;
				TARGETED_DEVICE_FAMILY = "1,2";
			};
			name = Release;
		};
		AA0D01EC2B0BFE5700986C6B /* Debug */ = {
			isa = XCBuildConfiguration;
			buildSettings = {
				ALWAYS_EMBED_SWIFT_STANDARD_LIBRARIES = YES;
				BUNDLE_LOADER = "$(TEST_HOST)";
				CODE_SIGN_STYLE = Automatic;
				CURRENT_PROJECT_VERSION = 1;
				DEVELOPMENT_TEAM = 4D5UMLZDGA;
				GENERATE_INFOPLIST_FILE = YES;
				IPHONEOS_DEPLOYMENT_TARGET = 17.0;
				MARKETING_VERSION = 1.0;
				PRODUCT_BUNDLE_IDENTIFIER = alexely.SecureSnoozeTests;
				PRODUCT_NAME = "$(TARGET_NAME)";
				SWIFT_EMIT_LOC_STRINGS = NO;
				SWIFT_VERSION = 5.0;
				TARGETED_DEVICE_FAMILY = "1,2";
				TEST_HOST = "$(BUILT_PRODUCTS_DIR)/SecureSnooze.app/$(BUNDLE_EXECUTABLE_FOLDER_PATH)/SecureSnooze";
			};
			name = Debug;
		};
		AA0D01ED2B0BFE5700986C6B /* Release */ = {
			isa = XCBuildConfiguration;
			buildSettings = {
				ALWAYS_EMBED_SWIFT_STANDARD_LIBRARIES = YES;
				BUNDLE_LOADER = "$(TEST_HOST)";
				CODE_SIGN_STYLE = Automatic;
				CURRENT_PROJECT_VERSION = 1;
				DEVELOPMENT_TEAM = 4D5UMLZDGA;
				GENERATE_INFOPLIST_FILE = YES;
				IPHONEOS_DEPLOYMENT_TARGET = 17.0;
				MARKETING_VERSION = 1.0;
				PRODUCT_BUNDLE_IDENTIFIER = alexely.SecureSnoozeTests;
				PRODUCT_NAME = "$(TARGET_NAME)";
				SWIFT_EMIT_LOC_STRINGS = NO;
				SWIFT_VERSION = 5.0;
				TARGETED_DEVICE_FAMILY = "1,2";
				TEST_HOST = "$(BUILT_PRODUCTS_DIR)/SecureSnooze.app/$(BUNDLE_EXECUTABLE_FOLDER_PATH)/SecureSnooze";
			};
			name = Release;
		};
		AA0D01EF2B0BFE5700986C6B /* Debug */ = {
			isa = XCBuildConfiguration;
			buildSettings = {
				ALWAYS_EMBED_SWIFT_STANDARD_LIBRARIES = YES;
				CODE_SIGN_STYLE = Automatic;
				CURRENT_PROJECT_VERSION = 1;
				DEVELOPMENT_TEAM = 4D5UMLZDGA;
				GENERATE_INFOPLIST_FILE = YES;
				MARKETING_VERSION = 1.0;
				PRODUCT_BUNDLE_IDENTIFIER = alexely.SecureSnoozeUITests;
				PRODUCT_NAME = "$(TARGET_NAME)";
				SWIFT_EMIT_LOC_STRINGS = NO;
				SWIFT_VERSION = 5.0;
				TARGETED_DEVICE_FAMILY = "1,2";
				TEST_TARGET_NAME = SecureSnooze;
			};
			name = Debug;
		};
		AA0D01F02B0BFE5700986C6B /* Release */ = {
			isa = XCBuildConfiguration;
			buildSettings = {
				ALWAYS_EMBED_SWIFT_STANDARD_LIBRARIES = YES;
				CODE_SIGN_STYLE = Automatic;
				CURRENT_PROJECT_VERSION = 1;
				DEVELOPMENT_TEAM = 4D5UMLZDGA;
				GENERATE_INFOPLIST_FILE = YES;
				MARKETING_VERSION = 1.0;
				PRODUCT_BUNDLE_IDENTIFIER = alexely.SecureSnoozeUITests;
				PRODUCT_NAME = "$(TARGET_NAME)";
				SWIFT_EMIT_LOC_STRINGS = NO;
				SWIFT_VERSION = 5.0;
				TARGETED_DEVICE_FAMILY = "1,2";
				TEST_TARGET_NAME = SecureSnooze;
			};
			name = Release;
		};
/* End XCBuildConfiguration section */

/* Begin XCConfigurationList section */
		AA0D01B92B0BFE5500986C6B /* Build configuration list for PBXProject "SecureSnooze" */ = {
			isa = XCConfigurationList;
			buildConfigurations = (
				AA0D01E62B0BFE5700986C6B /* Debug */,
				AA0D01E72B0BFE5700986C6B /* Release */,
			);
			defaultConfigurationIsVisible = 0;
			defaultConfigurationName = Release;
		};
		AA0D01E82B0BFE5700986C6B /* Build configuration list for PBXNativeTarget "SecureSnooze" */ = {
			isa = XCConfigurationList;
			buildConfigurations = (
				AA0D01E92B0BFE5700986C6B /* Debug */,
				AA0D01EA2B0BFE5700986C6B /* Release */,
			);
			defaultConfigurationIsVisible = 0;
			defaultConfigurationName = Release;
		};
		AA0D01EB2B0BFE5700986C6B /* Build configuration list for PBXNativeTarget "SecureSnoozeTests" */ = {
			isa = XCConfigurationList;
			buildConfigurations = (
				AA0D01EC2B0BFE5700986C6B /* Debug */,
				AA0D01ED2B0BFE5700986C6B /* Release */,
			);
			defaultConfigurationIsVisible = 0;
			defaultConfigurationName = Release;
		};
		AA0D01EE2B0BFE5700986C6B /* Build configuration list for PBXNativeTarget "SecureSnoozeUITests" */ = {
			isa = XCConfigurationList;
			buildConfigurations = (
				AA0D01EF2B0BFE5700986C6B /* Debug */,
				AA0D01F02B0BFE5700986C6B /* Release */,
			);
			defaultConfigurationIsVisible = 0;
			defaultConfigurationName = Release;
		};
/* End XCConfigurationList section */
	};
	rootObject = AA0D01B62B0BFE5500986C6B /* Project object */;
}
